
Microsoft Visual Studio Solution File, Format Version 12.00
# Visual Studio 15
VisualStudioVersion = 15.0.28010.2041
MinimumVisualStudioVersion = 10.0.40219.1
Project("{9A19103F-16F7-4668-BE54-9A1E7A4F7556}") = "WebApplication3", "WebApplication3\WebApplication3.csproj", "{F7051F41-CB34-42B5-9868-C6E07ECA3724}"
EndProject
Project("{FAE04EC0-301F-11D3-BF4B-00C04F79EFBC}") = "WebApplication3.Data", "WebApplication3.Data\WebApplication3.Data.csproj", "{17B81060-38B9-41A3-98F0-AB53947A99ED}"
EndProject
Project("{2150E333-8FDC-42A3-9474-1A3956D46DE8}") = "Solution Items", "Solution Items", "{BE9421A9-DB2A-4572-9ED5-FCAA3BAD303E}"
	ProjectSection(SolutionItems) = preProject
		WebApplication3\docker-compose.yml = WebApplication3\docker-compose.yml
		Dockerfile = Dockerfile
	EndProjectSection
EndProject
Global
	GlobalSection(SolutionConfigurationPlatforms) = preSolution
		Debug|Any CPU = Debug|Any CPU
		Release|Any CPU = Release|Any CPU
	EndGlobalSection
	GlobalSection(ProjectConfigurationPlatforms) = postSolution
		{F7051F41-CB34-42B5-9868-C6E07ECA3724}.Debug|Any CPU.ActiveCfg = Debug|Any CPU
		{F7051F41-CB34-42B5-9868-C6E07ECA3724}.Debug|Any CPU.Build.0 = Debug|Any CPU
		{F7051F41-CB34-42B5-9868-C6E07ECA3724}.Release|Any CPU.ActiveCfg = Release|Any CPU
		{F7051F41-CB34-42B5-9868-C6E07ECA3724}.Release|Any CPU.Build.0 = Release|Any CPU
		{17B81060-38B9-41A3-98F0-AB53947A99ED}.Debug|Any CPU.ActiveCfg = Debug|Any CPU
		{17B81060-38B9-41A3-98F0-AB53947A99ED}.Debug|Any CPU.Build.0 = Debug|Any CPU
		{17B81060-38B9-41A3-98F0-AB53947A99ED}.Release|Any CPU.ActiveCfg = Release|Any CPU
		{17B81060-38B9-41A3-98F0-AB53947A99ED}.Release|Any CPU.Build.0 = Release|Any CPU
	EndGlobalSection
	GlobalSection(SolutionProperties) = preSolution
		HideSolutionNode = FALSE
	EndGlobalSection
	GlobalSection(ExtensibilityGlobals) = postSolution
		SolutionGuid = {5B5A1C19-0040-4D27-A2A9-F8E1855837F3}
	EndGlobalSection
EndGlobal
